
Microsoft Visual Studio Solution File, Format Version 12.00
# Visual Studio 15
VisualStudioVersion = 15.0.26124.0
MinimumVisualStudioVersion = 15.0.26124.0
Project("{FAE04EC0-301F-11D3-BF4B-00C04F79EFBC}") = "DomainLayer", "DomainLayer\DomainLayer.csproj", "{8FB9D2CA-224D-4A92-A320-7AE8B3574BA2}"
EndProject
Project("{FAE04EC0-301F-11D3-BF4B-00C04F79EFBC}") = "TestsDomain", "TestsDomain\TestsDomain.csproj", "{FC823512-E802-45D3-BB82-5690158BE45F}"
EndProject
Project("{FAE04EC0-301F-11D3-BF4B-00C04F79EFBC}") = "SharedLayer", "SharedLayer\SharedLayer.csproj", "{3E8A6663-C50F-4A0C-B9DE-26E5744CEF33}"
EndProject
Global
	GlobalSection(SolutionConfigurationPlatforms) = preSolution
		Debug|Any CPU = Debug|Any CPU
		Debug|x64 = Debug|x64
		Debug|x86 = Debug|x86
		Release|Any CPU = Release|Any CPU
		Release|x64 = Release|x64
		Release|x86 = Release|x86
	EndGlobalSection
	GlobalSection(SolutionProperties) = preSolution
		HideSolutionNode = FALSE
	EndGlobalSection
	GlobalSection(ProjectConfigurationPlatforms) = postSolution
		{8FB9D2CA-224D-4A92-A320-7AE8B3574BA2}.Debug|Any CPU.ActiveCfg = Debug|Any CPU
		{8FB9D2CA-224D-4A92-A320-7AE8B3574BA2}.Debug|Any CPU.Build.0 = Debug|Any CPU
		{8FB9D2CA-224D-4A92-A320-7AE8B3574BA2}.Debug|x64.ActiveCfg = Debug|Any CPU
		{8FB9D2CA-224D-4A92-A320-7AE8B3574BA2}.Debug|x64.Build.0 = Debug|Any CPU
		{8FB9D2CA-224D-4A92-A320-7AE8B3574BA2}.Debug|x86.ActiveCfg = Debug|Any CPU
		{8FB9D2CA-224D-4A92-A320-7AE8B3574BA2}.Debug|x86.Build.0 = Debug|Any CPU
		{8FB9D2CA-224D-4A92-A320-7AE8B3574BA2}.Release|Any CPU.ActiveCfg = Release|Any CPU
		{8FB9D2CA-224D-4A92-A320-7AE8B3574BA2}.Release|Any CPU.Build.0 = Release|Any CPU
		{8FB9D2CA-224D-4A92-A320-7AE8B3574BA2}.Release|x64.ActiveCfg = Release|Any CPU
		{8FB9D2CA-224D-4A92-A320-7AE8B3574BA2}.Release|x64.Build.0 = Release|Any CPU
		{8FB9D2CA-224D-4A92-A320-7AE8B3574BA2}.Release|x86.ActiveCfg = Release|Any CPU
		{8FB9D2CA-224D-4A92-A320-7AE8B3574BA2}.Release|x86.Build.0 = Release|Any CPU
		{FC823512-E802-45D3-BB82-5690158BE45F}.Debug|Any CPU.ActiveCfg = Debug|Any CPU
		{FC823512-E802-45D3-BB82-5690158BE45F}.Debug|Any CPU.Build.0 = Debug|Any CPU
		{FC823512-E802-45D3-BB82-5690158BE45F}.Debug|x64.ActiveCfg = Debug|Any CPU
		{FC823512-E802-45D3-BB82-5690158BE45F}.Debug|x64.Build.0 = Debug|Any CPU
		{FC823512-E802-45D3-BB82-5690158BE45F}.Debug|x86.ActiveCfg = Debug|Any CPU
		{FC823512-E802-45D3-BB82-5690158BE45F}.Debug|x86.Build.0 = Debug|Any CPU
		{FC823512-E802-45D3-BB82-5690158BE45F}.Release|Any CPU.ActiveCfg = Release|Any CPU
		{FC823512-E802-45D3-BB82-5690158BE45F}.Release|Any CPU.Build.0 = Release|Any CPU
		{FC823512-E802-45D3-BB82-5690158BE45F}.Release|x64.ActiveCfg = Release|Any CPU
		{FC823512-E802-45D3-BB82-5690158BE45F}.Release|x64.Build.0 = Release|Any CPU
		{FC823512-E802-45D3-BB82-5690158BE45F}.Release|x86.ActiveCfg = Release|Any CPU
		{FC823512-E802-45D3-BB82-5690158BE45F}.Release|x86.Build.0 = Release|Any CPU
		{3E8A6663-C50F-4A0C-B9DE-26E5744CEF33}.Debug|Any CPU.ActiveCfg = Debug|Any CPU
		{3E8A6663-C50F-4A0C-B9DE-26E5744CEF33}.Debug|Any CPU.Build.0 = Debug|Any CPU
		{3E8A6663-C50F-4A0C-B9DE-26E5744CEF33}.Debug|x64.ActiveCfg = Debug|Any CPU
		{3E8A6663-C50F-4A0C-B9DE-26E5744CEF33}.Debug|x64.Build.0 = Debug|Any CPU
		{3E8A6663-C50F-4A0C-B9DE-26E5744CEF33}.Debug|x86.ActiveCfg = Debug|Any CPU
		{3E8A6663-C50F-4A0C-B9DE-26E5744CEF33}.Debug|x86.Build.0 = Debug|Any CPU
		{3E8A6663-C50F-4A0C-B9DE-26E5744CEF33}.Release|Any CPU.ActiveCfg = Release|Any CPU
		{3E8A6663-C50F-4A0C-B9DE-26E5744CEF33}.Release|Any CPU.Build.0 = Release|Any CPU
		{3E8A6663-C50F-4A0C-B9DE-26E5744CEF33}.Release|x64.ActiveCfg = Release|Any CPU
		{3E8A6663-C50F-4A0C-B9DE-26E5744CEF33}.Release|x64.Build.0 = Release|Any CPU
		{3E8A6663-C50F-4A0C-B9DE-26E5744CEF33}.Release|x86.ActiveCfg = Release|Any CPU
		{3E8A6663-C50F-4A0C-B9DE-26E5744CEF33}.Release|x86.Build.0 = Release|Any CPU
	EndGlobalSection
EndGlobal
